// !$*UTF8*$!
{
	archiveVersion = 1;
	classes = {
	};
	objectVersion = 50;
	objects = {

/* Begin PBXBuildFile section */
		3B3CFB5026A28E1F005DE2FC /* AppDelegate.swift in Sources */ = {isa = PBXBuildFile; fileRef = 3B3CFB4F26A28E1F005DE2FC /* AppDelegate.swift */; };
		3B3CFB5226A28E1F005DE2FC /* SceneDelegate.swift in Sources */ = {isa = PBXBuildFile; fileRef = 3B3CFB5126A28E1F005DE2FC /* SceneDelegate.swift */; };
		3B3CFB5426A28E1F005DE2FC /* ViewController.swift in Sources */ = {isa = PBXBuildFile; fileRef = 3B3CFB5326A28E1F005DE2FC /* ViewController.swift */; };
		3B3CFB5726A28E1F005DE2FC /* Main.storyboard in Resources */ = {isa = PBXBuildFile; fileRef = 3B3CFB5526A28E1F005DE2FC /* Main.storyboard */; };
		3B3CFB5926A28E20005DE2FC /* Assets.xcassets in Resources */ = {isa = PBXBuildFile; fileRef = 3B3CFB5826A28E20005DE2FC /* Assets.xcassets */; };
		3B3CFB5C26A28E20005DE2FC /* LaunchScreen.storyboard in Resources */ = {isa = PBXBuildFile; fileRef = 3B3CFB5A26A28E20005DE2FC /* LaunchScreen.storyboard */; };
		BAC55B62BAB6463C479F5737 /* Pods_AppStoreCopy.framework in Frameworks */ = {isa = PBXBuildFile; fileRef = 4CB9234863F9096FC652C58F /* Pods_AppStoreCopy.framework */; };
/* End PBXBuildFile section */

/* Begin PBXFileReference section */
		212D84E11C22982A8194A57F /* Pods-AppStoreCopy.debug.xcconfig */ = {isa = PBXFileReference; includeInIndex = 1; lastKnownFileType = text.xcconfig; name = "Pods-AppStoreCopy.debug.xcconfig"; path = "Target Support Files/Pods-AppStoreCopy/Pods-AppStoreCopy.debug.xcconfig"; sourceTree = "<group>"; };
		3B3CFB4C26A28E1F005DE2FC /* AppStoreCopy.app */ = {isa = PBXFileReference; explicitFileType = wrapper.application; includeInIndex = 0; path = AppStoreCopy.app; sourceTree = BUILT_PRODUCTS_DIR; };
		3B3CFB4F26A28E1F005DE2FC /* AppDelegate.swift */ = {isa = PBXFileReference; lastKnownFileType = sourcecode.swift; path = AppDelegate.swift; sourceTree = "<group>"; };
		3B3CFB5126A28E1F005DE2FC /* SceneDelegate.swift */ = {isa = PBXFileReference; lastKnownFileType = sourcecode.swift; path = SceneDelegate.swift; sourceTree = "<group>"; };
		3B3CFB5326A28E1F005DE2FC /* ViewController.swift */ = {isa = PBXFileReference; lastKnownFileType = sourcecode.swift; path = ViewController.swift; sourceTree = "<group>"; };
		3B3CFB5626A28E1F005DE2FC /* Base */ = {isa = PBXFileReference; lastKnownFileType = file.storyboard; name = Base; path = Base.lproj/Main.storyboard; sourceTree = "<group>"; };
		3B3CFB5826A28E20005DE2FC /* Assets.xcassets */ = {isa = PBXFileReference; lastKnownFileType = folder.assetcatalog; path = Assets.xcassets; sourceTree = "<group>"; };
		3B3CFB5B26A28E20005DE2FC /* Base */ = {isa = PBXFileReference; lastKnownFileType = file.storyboard; name = Base; path = Base.lproj/LaunchScreen.storyboard; sourceTree = "<group>"; };
		3B3CFB5D26A28E20005DE2FC /* Info.plist */ = {isa = PBXFileReference; lastKnownFileType = text.plist.xml; path = Info.plist; sourceTree = "<group>"; };
		4CB9234863F9096FC652C58F /* Pods_AppStoreCopy.framework */ = {isa = PBXFileReference; explicitFileType = wrapper.framework; includeInIndex = 0; path = Pods_AppStoreCopy.framework; sourceTree = BUILT_PRODUCTS_DIR; };
		C46DCAC904FCA57AFA3216C3 /* Pods-AppStoreCopy.release.xcconfig */ = {isa = PBXFileReference; includeInIndex = 1; lastKnownFileType = text.xcconfig; name = "Pods-AppStoreCopy.release.xcconfig"; path = "Target Support Files/Pods-AppStoreCopy/Pods-AppStoreCopy.release.xcconfig"; sourceTree = "<group>"; };
/* End PBXFileReference section */

/* Begin PBXFrameworksBuildPhase section */
		3B3CFB4926A28E1F005DE2FC /* Frameworks */ = {
			isa = PBXFrameworksBuildPhase;
			buildActionMask = 2147483647;
			files = (
				BAC55B62BAB6463C479F5737 /* Pods_AppStoreCopy.framework in Frameworks */,
			);
			runOnlyForDeploymentPostprocessing = 0;
		};
/* End PBXFrameworksBuildPhase section */

/* Begin PBXGroup section */
		010804365D1DD7F17F80BE30 /* Frameworks */ = {
			isa = PBXGroup;
			children = (
				4CB9234863F9096FC652C58F /* Pods_AppStoreCopy.framework */,
			);
			name = Frameworks;
			sourceTree = "<group>";
		};
		3B3CFB4326A28E1F005DE2FC = {
			isa = PBXGroup;
			children = (
				3B3CFB4E26A28E1F005DE2FC /* AppStoreCopy */,
				3B3CFB4D26A28E1F005DE2FC /* Products */,
				86739C38F0560CE199E23F3D /* Pods */,
				010804365D1DD7F17F80BE30 /* Frameworks */,
			);
			sourceTree = "<group>";
		};
		3B3CFB4D26A28E1F005DE2FC /* Products */ = {
			isa = PBXGroup;
			children = (
				3B3CFB4C26A28E1F005DE2FC /* AppStoreCopy.app */,
			);
			name = Products;
			sourceTree = "<group>";
		};
		3B3CFB4E26A28E1F005DE2FC /* AppStoreCopy */ = {
			isa = PBXGroup;
			children = (
				3B3CFB4F26A28E1F005DE2FC /* AppDelegate.swift */,
				3B3CFB5126A28E1F005DE2FC /* SceneDelegate.swift */,
				3B3CFB5326A28E1F005DE2FC /* ViewController.swift */,
				3B3CFB5526A28E1F005DE2FC /* Main.storyboard */,
				3B3CFB5826A28E20005DE2FC /* Assets.xcassets */,
				3B3CFB5A26A28E20005DE2FC /* LaunchScreen.storyboard */,
				3B3CFB5D26A28E20005DE2FC /* Info.plist */,
			);
			path = AppStoreCopy;
			sourceTree = "<group>";
		};
		86739C38F0560CE199E23F3D /* Pods */ = {
			isa = PBXGroup;
			children = (
				212D84E11C22982A8194A57F /* Pods-AppStoreCopy.debug.xcconfig */,
				C46DCAC904FCA57AFA3216C3 /* Pods-AppStoreCopy.release.xcconfig */,
			);
			path = Pods;
			sourceTree = "<group>";
		};
/* End PBXGroup section */

/* Begin PBXNativeTarget section */
		3B3CFB4B26A28E1F005DE2FC /* AppStoreCopy */ = {
			isa = PBXNativeTarget;
			buildConfigurationList = 3B3CFB6026A28E20005DE2FC /* Build configuration list for PBXNativeTarget "AppStoreCopy" */;
			buildPhases = (
				9543CFAC123E797359831018 /* [CP] Check Pods Manifest.lock */,
				3B3CFB4826A28E1F005DE2FC /* Sources */,
				3B3CFB4926A28E1F005DE2FC /* Frameworks */,
				3B3CFB4A26A28E1F005DE2FC /* Resources */,
			);
			buildRules = (
			);
			dependencies = (
			);
			name = AppStoreCopy;
			productName = AppStoreCopy;
			productReference = 3B3CFB4C26A28E1F005DE2FC /* AppStoreCopy.app */;
			productType = "com.apple.product-type.application";
		};
/* End PBXNativeTarget section */

/* Begin PBXProject section */
		3B3CFB4426A28E1F005DE2FC /* Project object */ = {
			isa = PBXProject;
			attributes = {
				LastSwiftUpdateCheck = 1250;
				LastUpgradeCheck = 1250;
				TargetAttributes = {
					3B3CFB4B26A28E1F005DE2FC = {
						CreatedOnToolsVersion = 12.5.1;
					};
				};
			};
			buildConfigurationList = 3B3CFB4726A28E1F005DE2FC /* Build configuration list for PBXProject "AppStoreCopy" */;
			compatibilityVersion = "Xcode 9.3";
			developmentRegion = en;
			hasScannedForEncodings = 0;
			knownRegions = (
				en,
				Base,
			);
			mainGroup = 3B3CFB4326A28E1F005DE2FC;
			productRefGroup = 3B3CFB4D26A28E1F005DE2FC /* Products */;
			projectDirPath = "";
			projectRoot = "";
			targets = (
				3B3CFB4B26A28E1F005DE2FC /* AppStoreCopy */,
			);
		};
/* End PBXProject section */

/* Begin PBXResourcesBuildPhase section */
		3B3CFB4A26A28E1F005DE2FC /* Resources */ = {
			isa = PBXResourcesBuildPhase;
			buildActionMask = 2147483647;
			files = (
				3B3CFB5C26A28E20005DE2FC /* LaunchScreen.storyboard in Resources */,
				3B3CFB5926A28E20005DE2FC /* Assets.xcassets in Resources */,
				3B3CFB5726A28E1F005DE2FC /* Main.storyboard in Resources */,
			);
			runOnlyForDeploymentPostprocessing = 0;
		};
/* End PBXResourcesBuildPhase section */

/* Begin PBXShellScriptBuildPhase section */
		9543CFAC123E797359831018 /* [CP] Check Pods Manifest.lock */ = {
			isa = PBXShellScriptBuildPhase;
			buildActionMask = 2147483647;
			files = (
			);
			inputFileListPaths = (
			);
			inputPaths = (
				"${PODS_PODFILE_DIR_PATH}/Podfile.lock",
				"${PODS_ROOT}/Manifest.lock",
			);
			name = "[CP] Check Pods Manifest.lock";
			outputFileListPaths = (
			);
			outputPaths = (
				"$(DERIVED_FILE_DIR)/Pods-AppStoreCopy-checkManifestLockResult.txt",
			);
			runOnlyForDeploymentPostprocessing = 0;
			shellPath = /bin/sh;
			shellScript = "diff \"${PODS_PODFILE_DIR_PATH}/Podfile.lock\" \"${PODS_ROOT}/Manifest.lock\" > /dev/null\nif [ $? != 0 ] ; then\n    # print error to STDERR\n    echo \"error: The sandbox is not in sync with the Podfile.lock. Run 'pod install' or update your CocoaPods installation.\" >&2\n    exit 1\nfi\n# This output is used by Xcode 'outputs' to avoid re-running this script phase.\necho \"SUCCESS\" > \"${SCRIPT_OUTPUT_FILE_0}\"\n";
			showEnvVarsInLog = 0;
		};
/* End PBXShellScriptBuildPhase section */

/* Begin PBXSourcesBuildPhase section */
		3B3CFB4826A28E1F005DE2FC /* Sources */ = {
			isa = PBXSourcesBuildPhase;
			buildActionMask = 2147483647;
			files = (
				3B3CFB5426A28E1F005DE2FC /* ViewController.swift in Sources */,
				3B3CFB5026A28E1F005DE2FC /* AppDelegate.swift in Sources */,
				3B3CFB5226A28E1F005DE2FC /* SceneDelegate.swift in Sources */,
			);
			runOnlyForDeploymentPostprocessing = 0;
		};
/* End PBXSourcesBuildPhase section */

/* Begin PBXVariantGroup section */
		3B3CFB5526A28E1F005DE2FC /* Main.storyboard */ = {
			isa = PBXVariantGroup;
			children = (
				3B3CFB5626A28E1F005DE2FC /* Base */,
			);
			name = Main.storyboard;
			sourceTree = "<group>";
		};
		3B3CFB5A26A28E20005DE2FC /* LaunchScreen.storyboard */ = {
			isa = PBXVariantGroup;
			children = (
				3B3CFB5B26A28E20005DE2FC /* Base */,
			);
			name = LaunchScreen.storyboard;
			sourceTree = "<group>";
		};
/* End PBXVariantGroup section */

/* Begin XCBuildConfiguration section */
		3B3CFB5E26A28E20005DE2FC /* Debug */ = {
			isa = XCBuildConfiguration;
			buildSettings = {
				ALWAYS_SEARCH_USER_PATHS = NO;
				CLANG_ANALYZER_NONNULL = YES;
				CLANG_ANALYZER_NUMBER_OBJECT_CONVERSION = YES_AGGRESSIVE;
				CLANG_CXX_LANGUAGE_STANDARD = "gnu++14";
				CLANG_CXX_LIBRARY = "libc++";
				CLANG_ENABLE_MODULES = YES;
				CLANG_ENABLE_OBJC_ARC = YES;
				CLANG_ENABLE_OBJC_WEAK = YES;
				CLANG_WARN_BLOCK_CAPTURE_AUTORELEASING = YES;
				CLANG_WARN_BOOL_CONVERSION = YES;
				CLANG_WARN_COMMA = YES;
				CLANG_WARN_CONSTANT_CONVERSION = YES;
				CLANG_WARN_DEPRECATED_OBJC_IMPLEMENTATIONS = YES;
				CLANG_WARN_DIRECT_OBJC_ISA_USAGE = YES_ERROR;
				CLANG_WARN_DOCUMENTATION_COMMENTS = YES;
				CLANG_WARN_EMPTY_BODY = YES;
				CLANG_WARN_ENUM_CONVERSION = YES;
				CLANG_WARN_INFINITE_RECURSION = YES;
				CLANG_WARN_INT_CONVERSION = YES;
				CLANG_WARN_NON_LITERAL_NULL_CONVERSION = YES;
				CLANG_WARN_OBJC_IMPLICIT_RETAIN_SELF = YES;
				CLANG_WARN_OBJC_LITERAL_CONVERSION = YES;
				CLANG_WARN_OBJC_ROOT_CLASS = YES_ERROR;
				CLANG_WARN_QUOTED_INCLUDE_IN_FRAMEWORK_HEADER = YES;
				CLANG_WARN_RANGE_LOOP_ANALYSIS = YES;
				CLANG_WARN_STRICT_PROTOTYPES = YES;
				CLANG_WARN_SUSPICIOUS_MOVE = YES;
				CLANG_WARN_UNGUARDED_AVAILABILITY = YES_AGGRESSIVE;
				CLANG_WARN_UNREACHABLE_CODE = YES;
				CLANG_WARN__DUPLICATE_METHOD_MATCH = YES;
				COPY_PHASE_STRIP = NO;
				DEBUG_INFORMATION_FORMAT = dwarf;
				ENABLE_STRICT_OBJC_MSGSEND = YES;
				ENABLE_TESTABILITY = YES;
				GCC_C_LANGUAGE_STANDARD = gnu11;
				GCC_DYNAMIC_NO_PIC = NO;
				GCC_NO_COMMON_BLOCKS = YES;
				GCC_OPTIMIZATION_LEVEL = 0;
				GCC_PREPROCESSOR_DEFINITIONS = (
					"DEBUG=1",
					"$(inherited)",
				);
				GCC_WARN_64_TO_32_BIT_CONVERSION = YES;
				GCC_WARN_ABOUT_RETURN_TYPE = YES_ERROR;
				GCC_WARN_UNDECLARED_SELECTOR = YES;
				GCC_WARN_UNINITIALIZED_AUTOS = YES_AGGRESSIVE;
				GCC_WARN_UNUSED_FUNCTION = YES;
				GCC_WARN_UNUSED_VARIABLE = YES;
				IPHONEOS_DEPLOYMENT_TARGET = 14.5;
				MTL_ENABLE_DEBUG_INFO = INCLUDE_SOURCE;
				MTL_FAST_MATH = YES;
				ONLY_ACTIVE_ARCH = YES;
				SDKROOT = iphoneos;
				SWIFT_ACTIVE_COMPILATION_CONDITIONS = DEBUG;
				SWIFT_OPTIMIZATION_LEVEL = "-Onone";
			};
			name = Debug;
		};
		3B3CFB5F26A28E20005DE2FC /* Release */ = {
			isa = XCBuildConfiguration;
			buildSettings = {
				ALWAYS_SEARCH_USER_PATHS = NO;
				CLANG_ANALYZER_NONNULL = YES;
				CLANG_ANALYZER_NUMBER_OBJECT_CONVERSION = YES_AGGRESSIVE;
				CLANG_CXX_LANGUAGE_STANDARD = "gnu++14";
				CLANG_CXX_LIBRARY = "libc++";
				CLANG_ENABLE_MODULES = YES;
				CLANG_ENABLE_OBJC_ARC = YES;
				CLANG_ENABLE_OBJC_WEAK = YES;
				CLANG_WARN_BLOCK_CAPTURE_AUTORELEASING = YES;
				CLANG_WARN_BOOL_CONVERSION = YES;
				CLANG_WARN_COMMA = YES;
				CLANG_WARN_CONSTANT_CONVERSION = YES;
				CLANG_WARN_DEPRECATED_OBJC_IMPLEMENTATIONS = YES;
				CLANG_WARN_DIRECT_OBJC_ISA_USAGE = YES_ERROR;
				CLANG_WARN_DOCUMENTATION_COMMENTS = YES;
				CLANG_WARN_EMPTY_BODY = YES;
				CLANG_WARN_ENUM_CONVERSION = YES;
				CLANG_WARN_INFINITE_RECURSION = YES;
				CLANG_WARN_INT_CONVERSION = YES;
				CLANG_WARN_NON_LITERAL_NULL_CONVERSION = YES;
				CLANG_WARN_OBJC_IMPLICIT_RETAIN_SELF = YES;
				CLANG_WARN_OBJC_LITERAL_CONVERSION = YES;
				CLANG_WARN_OBJC_ROOT_CLASS = YES_ERROR;
				CLANG_WARN_QUOTED_INCLUDE_IN_FRAMEWORK_HEADER = YES;
				CLANG_WARN_RANGE_LOOP_ANALYSIS = YES;
				CLANG_WARN_STRICT_PROTOTYPES = YES;
				CLANG_WARN_SUSPICIOUS_MOVE = YES;
				CLANG_WARN_UNGUARDED_AVAILABILITY = YES_AGGRESSIVE;
				CLANG_WARN_UNREACHABLE_CODE = YES;
				CLANG_WARN__DUPLICATE_METHOD_MATCH = YES;
				COPY_PHASE_STRIP = NO;
				DEBUG_INFORMATION_FORMAT = "dwarf-with-dsym";
				ENABLE_NS_ASSERTIONS = NO;
				ENABLE_STRICT_OBJC_MSGSEND = YES;
				GCC_C_LANGUAGE_STANDARD = gnu11;
				GCC_NO_COMMON_BLOCKS = YES;
				GCC_WARN_64_TO_32_BIT_CONVERSION = YES;
				GCC_WARN_ABOUT_RETURN_TYPE = YES_ERROR;
				GCC_WARN_UNDECLARED_SELECTOR = YES;
				GCC_WARN_UNINITIALIZED_AUTOS = YES_AGGRESSIVE;
				GCC_WARN_UNUSED_FUNCTION = YES;
				GCC_WARN_UNUSED_VARIABLE = YES;
				IPHONEOS_DEPLOYMENT_TARGET = 14.5;
				MTL_ENABLE_DEBUG_INFO = NO;
				MTL_FAST_MATH = YES;
				SDKROOT = iphoneos;
				SWIFT_COMPILATION_MODE = wholemodule;
				SWIFT_OPTIMIZATION_LEVEL = "-O";
				VALIDATE_PRODUCT = YES;
			};
			name = Release;
		};
		3B3CFB6126A28E20005DE2FC /* Debug */ = {
			isa = XCBuildConfiguration;
			baseConfigurationReference = 212D84E11C22982A8194A57F /* Pods-AppStoreCopy.debug.xcconfig */;
			buildSettings = {
				ASSETCATALOG_COMPILER_APPICON_NAME = AppIcon;
				ASSETCATALOG_COMPILER_GLOBAL_ACCENT_COLOR_NAME = AccentColor;
				CODE_SIGN_STYLE = Automatic;
				DEVELOPMENT_TEAM = FCJEH875NK;
				INFOPLIST_FILE = AppStoreCopy/Info.plist;
				IPHONEOS_DEPLOYMENT_TARGET = 13.0;
				LD_RUNPATH_SEARCH_PATHS = (
					"$(inherited)",
					"@executable_path/Frameworks",
				);
				PRODUCT_BUNDLE_IDENTIFIER = com.dyddns.test.AppStoreCopy;
				PRODUCT_NAME = "$(TARGET_NAME)";
				SWIFT_VERSION = 5.0;
				TARGETED_DEVICE_FAMILY = "1,2";
			};
			name = Debug;
		};
		3B3CFB6226A28E20005DE2FC /* Release */ = {
			isa = XCBuildConfiguration;
			baseConfigurationReference = C46DCAC904FCA57AFA3216C3 /* Pods-AppStoreCopy.release.xcconfig */;
			buildSettings = {
				ASSETCATALOG_COMPILER_APPICON_NAME = AppIcon;
				ASSETCATALOG_COMPILER_GLOBAL_ACCENT_COLOR_NAME = AccentColor;
				CODE_SIGN_STYLE = Automatic;
				DEVELOPMENT_TEAM = FCJEH875NK;
				INFOPLIST_FILE = AppStoreCopy/Info.plist;
				IPHONEOS_DEPLOYMENT_TARGET = 13.0;
				LD_RUNPATH_SEARCH_PATHS = (
					"$(inherited)",
					"@executable_path/Frameworks",
				);
				PRODUCT_BUNDLE_IDENTIFIER = com.dyddns.test.AppStoreCopy;
				PRODUCT_NAME = "$(TARGET_NAME)";
				SWIFT_VERSION = 5.0;
				TARGETED_DEVICE_FAMILY = "1,2";
			};
			name = Release;
		};
/* End XCBuildConfiguration section */

/* Begin XCConfigurationList section */
		3B3CFB4726A28E1F005DE2FC /* Build configuration list for PBXProject "AppStoreCopy" */ = {
			isa = XCConfigurationList;
			buildConfigurations = (
				3B3CFB5E26A28E20005DE2FC /* Debug */,
				3B3CFB5F26A28E20005DE2FC /* Release */,
			);
			defaultConfigurationIsVisible = 0;
			defaultConfigurationName = Release;
		};
		3B3CFB6026A28E20005DE2FC /* Build configuration list for PBXNativeTarget "AppStoreCopy" */ = {
			isa = XCConfigurationList;
			buildConfigurations = (
				3B3CFB6126A28E20005DE2FC /* Debug */,
				3B3CFB6226A28E20005DE2FC /* Release */,
			);
			defaultConfigurationIsVisible = 0;
			defaultConfigurationName = Release;
		};
/* End XCConfigurationList section */
	};
	rootObject = 3B3CFB4426A28E1F005DE2FC /* Project object */;
}
